
Microsoft Visual Studio Solution File, Format Version 12.00
# Visual Studio Version 16
VisualStudioVersion = 16.0.29728.190
MinimumVisualStudioVersion = 10.0.40219.1
Project("{FAE04EC0-301F-11D3-BF4B-00C04F79EFBC}") = "Zadanie2", "Zadanie2.csproj", "{1C756012-7C29-4C33-84D5-00C2649A5A50}"
EndProject
Global
	GlobalSection(SolutionConfigurationPlatforms) = preSolution
		Debug|Any CPU = Debug|Any CPU
		Release|Any CPU = Release|Any CPU
	EndGlobalSection
	GlobalSection(ProjectConfigurationPlatforms) = postSolution
		{1C756012-7C29-4C33-84D5-00C2649A5A50}.Debug|Any CPU.ActiveCfg = Debug|Any CPU
		{1C756012-7C29-4C33-84D5-00C2649A5A50}.Debug|Any CPU.Build.0 = Debug|Any CPU
		{1C756012-7C29-4C33-84D5-00C2649A5A50}.Release|Any CPU.ActiveCfg = Release|Any CPU
		{1C756012-7C29-4C33-84D5-00C2649A5A50}.Release|Any CPU.Build.0 = Release|Any CPU
	EndGlobalSection
	GlobalSection(SolutionProperties) = preSolution
		HideSolutionNode = FALSE
	EndGlobalSection
	GlobalSection(ExtensibilityGlobals) = postSolution
		SolutionGuid = {11857B07-D438-4F62-BE9F-120D9B7501B8}
	EndGlobalSection
EndGlobal
